// !$*UTF8*$!
{
	archiveVersion = 1;
	classes = {
	};
	objectVersion = 46;
	objects = {

/* Begin PBXBuildFile section */
		0112C8AA1E5303B200445DF3 /* main.m in Sources */ = {isa = PBXBuildFile; fileRef = 0112C8A91E5303B200445DF3 /* main.m */; };
		0112C8AD1E5303B200445DF3 /* AppDelegate.m in Sources */ = {isa = PBXBuildFile; fileRef = 0112C8AC1E5303B200445DF3 /* AppDelegate.m */; };
		0112C8B01E5303B200445DF3 /* ViewController.m in Sources */ = {isa = PBXBuildFile; fileRef = 0112C8AF1E5303B200445DF3 /* ViewController.m */; };
		0112C8B31E5303B200445DF3 /* Main.storyboard in Resources */ = {isa = PBXBuildFile; fileRef = 0112C8B11E5303B200445DF3 /* Main.storyboard */; };
		0112C8B51E5303B200445DF3 /* Assets.xcassets in Resources */ = {isa = PBXBuildFile; fileRef = 0112C8B41E5303B200445DF3 /* Assets.xcassets */; };
		0112C8B81E5303B200445DF3 /* LaunchScreen.storyboard in Resources */ = {isa = PBXBuildFile; fileRef = 0112C8B61E5303B200445DF3 /* LaunchScreen.storyboard */; };
		0112C8C11E5303DA00445DF3 /* NKPageControl.m in Sources */ = {isa = PBXBuildFile; fileRef = 0112C8C01E5303DA00445DF3 /* NKPageControl.m */; };
/* End PBXBuildFile section */

/* Begin PBXFileReference section */
		0112C8A51E5303B200445DF3 /* NKPageControl.app */ = {isa = PBXFileReference; explicitFileType = wrapper.application; includeInIndex = 0; path = NKPageControl.app; sourceTree = BUILT_PRODUCTS_DIR; };
		0112C8A91E5303B200445DF3 /* main.m */ = {isa = PBXFileReference; lastKnownFileType = sourcecode.c.objc; path = main.m; sourceTree = "<group>"; };
		0112C8AB1E5303B200445DF3 /* AppDelegate.h */ = {isa = PBXFileReference; lastKnownFileType = sourcecode.c.h; path = AppDelegate.h; sourceTree = "<group>"; };
		0112C8AC1E5303B200445DF3 /* AppDelegate.m */ = {isa = PBXFileReference; lastKnownFileType = sourcecode.c.objc; path = AppDelegate.m; sourceTree = "<group>"; };
		0112C8AE1E5303B200445DF3 /* ViewController.h */ = {isa = PBXFileReference; lastKnownFileType = sourcecode.c.h; path = ViewController.h; sourceTree = "<group>"; };
		0112C8AF1E5303B200445DF3 /* ViewController.m */ = {isa = PBXFileReference; lastKnownFileType = sourcecode.c.objc; path = ViewController.m; sourceTree = "<group>"; };
		0112C8B21E5303B200445DF3 /* Base */ = {isa = PBXFileReference; lastKnownFileType = file.storyboard; name = Base; path = Base.lproj/Main.storyboard; sourceTree = "<group>"; };
		0112C8B41E5303B200445DF3 /* Assets.xcassets */ = {isa = PBXFileReference; lastKnownFileType = folder.assetcatalog; path = Assets.xcassets; sourceTree = "<group>"; };
		0112C8B71E5303B200445DF3 /* Base */ = {isa = PBXFileReference; lastKnownFileType = file.storyboard; name = Base; path = Base.lproj/LaunchScreen.storyboard; sourceTree = "<group>"; };
		0112C8B91E5303B200445DF3 /* Info.plist */ = {isa = PBXFileReference; lastKnownFileType = text.plist.xml; path = Info.plist; sourceTree = "<group>"; };
		0112C8BF1E5303DA00445DF3 /* NKPageControl.h */ = {isa = PBXFileReference; fileEncoding = 4; lastKnownFileType = sourcecode.c.h; path = NKPageControl.h; sourceTree = "<group>"; };
		0112C8C01E5303DA00445DF3 /* NKPageControl.m */ = {isa = PBXFileReference; fileEncoding = 4; lastKnownFileType = sourcecode.c.objc; path = NKPageControl.m; sourceTree = "<group>"; };
/* End PBXFileReference section */

/* Begin PBXFrameworksBuildPhase section */
		0112C8A21E5303B200445DF3 /* Frameworks */ = {
			isa = PBXFrameworksBuildPhase;
			buildActionMask = 2147483647;
			files = (
			);
			runOnlyForDeploymentPostprocessing = 0;
		};
/* End PBXFrameworksBuildPhase section */

/* Begin PBXGroup section */
		0112C89C1E5303B200445DF3 = {
			isa = PBXGroup;
			children = (
				0112C8A71E5303B200445DF3 /* NKPageControl */,
				0112C8A61E5303B200445DF3 /* Products */,
			);
			sourceTree = "<group>";
		};
		0112C8A61E5303B200445DF3 /* Products */ = {
			isa = PBXGroup;
			children = (
				0112C8A51E5303B200445DF3 /* NKPageControl.app */,
			);
			name = Products;
			sourceTree = "<group>";
		};
		0112C8A71E5303B200445DF3 /* NKPageControl */ = {
			isa = PBXGroup;
			children = (
				0112C8AB1E5303B200445DF3 /* AppDelegate.h */,
				0112C8AC1E5303B200445DF3 /* AppDelegate.m */,
				0112C8AE1E5303B200445DF3 /* ViewController.h */,
				0112C8AF1E5303B200445DF3 /* ViewController.m */,
				0112C8BF1E5303DA00445DF3 /* NKPageControl.h */,
				0112C8C01E5303DA00445DF3 /* NKPageControl.m */,
				0112C8B11E5303B200445DF3 /* Main.storyboard */,
				0112C8B41E5303B200445DF3 /* Assets.xcassets */,
				0112C8B61E5303B200445DF3 /* LaunchScreen.storyboard */,
				0112C8B91E5303B200445DF3 /* Info.plist */,
				0112C8A81E5303B200445DF3 /* Supporting Files */,
			);
			path = NKPageControl;
			sourceTree = "<group>";
		};
		0112C8A81E5303B200445DF3 /* Supporting Files */ = {
			isa = PBXGroup;
			children = (
				0112C8A91E5303B200445DF3 /* main.m */,
			);
			name = "Supporting Files";
			sourceTree = "<group>";
		};
/* End PBXGroup section */

/* Begin PBXNativeTarget section */
		0112C8A41E5303B200445DF3 /* NKPageControl */ = {
			isa = PBXNativeTarget;
			buildConfigurationList = 0112C8BC1E5303B200445DF3 /* Build configuration list for PBXNativeTarget "NKPageControl" */;
			buildPhases = (
				0112C8A11E5303B200445DF3 /* Sources */,
				0112C8A21E5303B200445DF3 /* Frameworks */,
				0112C8A31E5303B200445DF3 /* Resources */,
			);
			buildRules = (
			);
			dependencies = (
			);
			name = NKPageControl;
			productName = NKPageControl;
			productReference = 0112C8A51E5303B200445DF3 /* NKPageControl.app */;
			productType = "com.apple.product-type.application";
		};
/* End PBXNativeTarget section */

/* Begin PBXProject section */
		0112C89D1E5303B200445DF3 /* Project object */ = {
			isa = PBXProject;
			attributes = {
				LastUpgradeCheck = 0820;
				ORGANIZATIONNAME = Nick;
				TargetAttributes = {
					0112C8A41E5303B200445DF3 = {
						CreatedOnToolsVersion = 8.2.1;
						DevelopmentTeam = Q2Q4JPQ6B4;
						ProvisioningStyle = Automatic;
					};
				};
			};
			buildConfigurationList = 0112C8A01E5303B200445DF3 /* Build configuration list for PBXProject "NKPageControl" */;
			compatibilityVersion = "Xcode 3.2";
			developmentRegion = English;
			hasScannedForEncodings = 0;
			knownRegions = (
				en,
				Base,
			);
			mainGroup = 0112C89C1E5303B200445DF3;
			productRefGroup = 0112C8A61E5303B200445DF3 /* Products */;
			projectDirPath = "";
			projectRoot = "";
			targets = (
				0112C8A41E5303B200445DF3 /* NKPageControl */,
			);
		};
/* End PBXProject section */

/* Begin PBXResourcesBuildPhase section */
		0112C8A31E5303B200445DF3 /* Resources */ = {
			isa = PBXResourcesBuildPhase;
			buildActionMask = 2147483647;
			files = (
				0112C8B81E5303B200445DF3 /* LaunchScreen.storyboard in Resources */,
				0112C8B51E5303B200445DF3 /* Assets.xcassets in Resources */,
				0112C8B31E5303B200445DF3 /* Main.storyboard in Resources */,
			);
			runOnlyForDeploymentPostprocessing = 0;
		};
/* End PBXResourcesBuildPhase section */

/* Begin PBXSourcesBuildPhase section */
		0112C8A11E5303B200445DF3 /* Sources */ = {
			isa = PBXSourcesBuildPhase;
			buildActionMask = 2147483647;
			files = (
				0112C8B01E5303B200445DF3 /* ViewController.m in Sources */,
				0112C8C11E5303DA00445DF3 /* NKPageControl.m in Sources */,
				0112C8AD1E5303B200445DF3 /* AppDelegate.m in Sources */,
				0112C8AA1E5303B200445DF3 /* main.m in Sources */,
			);
			runOnlyForDeploymentPostprocessing = 0;
		};
/* End PBXSourcesBuildPhase section */

/* Begin PBXVariantGroup section */
		0112C8B11E5303B200445DF3 /* Main.storyboard */ = {
			isa = PBXVariantGroup;
			children = (
				0112C8B21E5303B200445DF3 /* Base */,
			);
			name = Main.storyboard;
			sourceTree = "<group>";
		};
		0112C8B61E5303B200445DF3 /* LaunchScreen.storyboard */ = {
			isa = PBXVariantGroup;
			children = (
				0112C8B71E5303B200445DF3 /* Base */,
			);
			name = LaunchScreen.storyboard;
			sourceTree = "<group>";
		};
/* End PBXVariantGroup section */

/* Begin XCBuildConfiguration section */
		0112C8BA1E5303B200445DF3 /* Debug */ = {
			isa = XCBuildConfiguration;
			buildSettings = {
				ALWAYS_SEARCH_USER_PATHS = NO;
				CLANG_ANALYZER_NONNULL = YES;
				CLANG_CXX_LANGUAGE_STANDARD = "gnu++0x";
				CLANG_CXX_LIBRARY = "libc++";
				CLANG_ENABLE_MODULES = YES;
				CLANG_ENABLE_OBJC_ARC = YES;
				CLANG_WARN_BOOL_CONVERSION = YES;
				CLANG_WARN_CONSTANT_CONVERSION = YES;
				CLANG_WARN_DIRECT_OBJC_ISA_USAGE = YES_ERROR;
				CLANG_WARN_DOCUMENTATION_COMMENTS = YES;
				CLANG_WARN_EMPTY_BODY = YES;
				CLANG_WARN_ENUM_CONVERSION = YES;
				CLANG_WARN_INFINITE_RECURSION = YES;
				CLANG_WARN_INT_CONVERSION = YES;
				CLANG_WARN_OBJC_ROOT_CLASS = YES_ERROR;
				CLANG_WARN_SUSPICIOUS_MOVE = YES;
				CLANG_WARN_UNREACHABLE_CODE = YES;
				CLANG_WARN__DUPLICATE_METHOD_MATCH = YES;
				"CODE_SIGN_IDENTITY[sdk=iphoneos*]" = "iPhone Developer";
				COPY_PHASE_STRIP = NO;
				DEBUG_INFORMATION_FORMAT = dwarf;
				ENABLE_STRICT_OBJC_MSGSEND = YES;
				ENABLE_TESTABILITY = YES;
				GCC_C_LANGUAGE_STANDARD = gnu99;
				GCC_DYNAMIC_NO_PIC = NO;
				GCC_NO_COMMON_BLOCKS = YES;
				GCC_OPTIMIZATION_LEVEL = 0;
				GCC_PREPROCESSOR_DEFINITIONS = (
					"DEBUG=1",
					"$(inherited)",
				);
				GCC_WARN_64_TO_32_BIT_CONVERSION = YES;
				GCC_WARN_ABOUT_RETURN_TYPE = YES_ERROR;
				GCC_WARN_UNDECLARED_SELECTOR = YES;
				GCC_WARN_UNINITIALIZED_AUTOS = YES_AGGRESSIVE;
				GCC_WARN_UNUSED_FUNCTION = YES;
				GCC_WARN_UNUSED_VARIABLE = YES;
				IPHONEOS_DEPLOYMENT_TARGET = 10.2;
				MTL_ENABLE_DEBUG_INFO = YES;
				ONLY_ACTIVE_ARCH = YES;
				SDKROOT = iphoneos;
				TARGETED_DEVICE_FAMILY = "1,2";
			};
			name = Debug;
		};
		0112C8BB1E5303B200445DF3 /* Release */ = {
			isa = XCBuildConfiguration;
			buildSettings = {
				ALWAYS_SEARCH_USER_PATHS = NO;
				CLANG_ANALYZER_NONNULL = YES;
				CLANG_CXX_LANGUAGE_STANDARD = "gnu++0x";
				CLANG_CXX_LIBRARY = "libc++";
				CLANG_ENABLE_MODULES = YES;
				CLANG_ENABLE_OBJC_ARC = YES;
				CLANG_WARN_BOOL_CONVERSION = YES;
				CLANG_WARN_CONSTANT_CONVERSION = YES;
				CLANG_WARN_DIRECT_OBJC_ISA_USAGE = YES_ERROR;
				CLANG_WARN_DOCUMENTATION_COMMENTS = YES;
				CLANG_WARN_EMPTY_BODY = YES;
				CLANG_WARN_ENUM_CONVERSION = YES;
				CLANG_WARN_INFINITE_RECURSION = YES;
				CLANG_WARN_INT_CONVERSION = YES;
				CLANG_WARN_OBJC_ROOT_CLASS = YES_ERROR;
				CLANG_WARN_SUSPICIOUS_MOVE = YES;
				CLANG_WARN_UNREACHABLE_CODE = YES;
				CLANG_WARN__DUPLICATE_METHOD_MATCH = YES;
				"CODE_SIGN_IDENTITY[sdk=iphoneos*]" = "iPhone Developer";
				COPY_PHASE_STRIP = NO;
				DEBUG_INFORMATION_FORMAT = "dwarf-with-dsym";
				ENABLE_NS_ASSERTIONS = NO;
				ENABLE_STRICT_OBJC_MSGSEND = YES;
				GCC_C_LANGUAGE_STANDARD = gnu99;
				GCC_NO_COMMON_BLOCKS = YES;
				GCC_WARN_64_TO_32_BIT_CONVERSION = YES;
				GCC_WARN_ABOUT_RETURN_TYPE = YES_ERROR;
				GCC_WARN_UNDECLARED_SELECTOR = YES;
				GCC_WARN_UNINITIALIZED_AUTOS = YES_AGGRESSIVE;
				GCC_WARN_UNUSED_FUNCTION = YES;
				GCC_WARN_UNUSED_VARIABLE = YES;
				IPHONEOS_DEPLOYMENT_TARGET = 10.2;
				MTL_ENABLE_DEBUG_INFO = NO;
				SDKROOT = iphoneos;
				TARGETED_DEVICE_FAMILY = "1,2";
				VALIDATE_PRODUCT = YES;
			};
			name = Release;
		};
		0112C8BD1E5303B200445DF3 /* Debug */ = {
			isa = XCBuildConfiguration;
			buildSettings = {
				ASSETCATALOG_COMPILER_APPICON_NAME = AppIcon;
				DEVELOPMENT_TEAM = Q2Q4JPQ6B4;
				INFOPLIST_FILE = NKPageControl/Info.plist;
				IPHONEOS_DEPLOYMENT_TARGET = 10.0;
				LD_RUNPATH_SEARCH_PATHS = "$(inherited) @executable_path/Frameworks";
				PRODUCT_BUNDLE_IDENTIFIER = quickpark.NKPageControl;
				PRODUCT_NAME = "$(TARGET_NAME)";
			};
			name = Debug;
		};
		0112C8BE1E5303B200445DF3 /* Release */ = {
			isa = XCBuildConfiguration;
			buildSettings = {
				ASSETCATALOG_COMPILER_APPICON_NAME = AppIcon;
				DEVELOPMENT_TEAM = Q2Q4JPQ6B4;
				INFOPLIST_FILE = NKPageControl/Info.plist;
				IPHONEOS_DEPLOYMENT_TARGET = 10.0;
				LD_RUNPATH_SEARCH_PATHS = "$(inherited) @executable_path/Frameworks";
				PRODUCT_BUNDLE_IDENTIFIER = quickpark.NKPageControl;
				PRODUCT_NAME = "$(TARGET_NAME)";
			};
			name = Release;
		};
/* End XCBuildConfiguration section */

/* Begin XCConfigurationList section */
		0112C8A01E5303B200445DF3 /* Build configuration list for PBXProject "NKPageControl" */ = {
			isa = XCConfigurationList;
			buildConfigurations = (
				0112C8BA1E5303B200445DF3 /* Debug */,
				0112C8BB1E5303B200445DF3 /* Release */,
			);
			defaultConfigurationIsVisible = 0;
			defaultConfigurationName = Release;
		};
		0112C8BC1E5303B200445DF3 /* Build configuration list for PBXNativeTarget "NKPageControl" */ = {
			isa = XCConfigurationList;
			buildConfigurations = (
				0112C8BD1E5303B200445DF3 /* Debug */,
				0112C8BE1E5303B200445DF3 /* Release */,
			);
			defaultConfigurationIsVisible = 0;
		};
/* End XCConfigurationList section */
	};
	rootObject = 0112C89D1E5303B200445DF3 /* Project object */;
}
